Microsoft Visual Studio Solution File, Format Version 12.00
# Visual Studio 2012
Project("{FAE04EC0-301F-11D3-BF4B-00C04F79EFBC}") = "Spacer", "Spacer.csproj", "{A32E54F5-FDCB-4F06-9E00-D876783B493A}"
EndProject
Global
	GlobalSection(SolutionConfigurationPlatforms) = preSolution
	Debug|Any CPU = Debug|Any CPU
	ExportDebug|Any CPU = ExportDebug|Any CPU
	ExportRelease|Any CPU = ExportRelease|Any CPU
	EndGlobalSection
	GlobalSection(ProjectConfigurationPlatforms) = postSolution
		{A32E54F5-FDCB-4F06-9E00-D876783B493A}.Debug|Any CPU.ActiveCfg = Debug|Any CPU
		{A32E54F5-FDCB-4F06-9E00-D876783B493A}.Debug|Any CPU.Build.0 = Debug|Any CPU
		{A32E54F5-FDCB-4F06-9E00-D876783B493A}.ExportDebug|Any CPU.ActiveCfg = ExportDebug|Any CPU
		{A32E54F5-FDCB-4F06-9E00-D876783B493A}.ExportDebug|Any CPU.Build.0 = ExportDebug|Any CPU
		{A32E54F5-FDCB-4F06-9E00-D876783B493A}.ExportRelease|Any CPU.ActiveCfg = ExportRelease|Any CPU
		{A32E54F5-FDCB-4F06-9E00-D876783B493A}.ExportRelease|Any CPU.Build.0 = ExportRelease|Any CPU
	EndGlobalSection
EndGlobal
